
Microsoft Visual Studio Solution File, Format Version 12.00
# Visual Studio Version 16
VisualStudioVersion = 16.0.29411.108
MinimumVisualStudioVersion = 10.0.40219.1
Project("{FAE04EC0-301F-11D3-BF4B-00C04F79EFBC}") = "Faraday-Backend", "Faraday-Backend.csproj", "{35156297-B741-4400-B624-E41526501EE0}"
EndProject
Global
	GlobalSection(SolutionConfigurationPlatforms) = preSolution
		Debug|Any CPU = Debug|Any CPU
		Release|Any CPU = Release|Any CPU
	EndGlobalSection
	GlobalSection(ProjectConfigurationPlatforms) = postSolution
		{35156297-B741-4400-B624-E41526501EE0}.Debug|Any CPU.ActiveCfg = Debug|Any CPU
		{35156297-B741-4400-B624-E41526501EE0}.Debug|Any CPU.Build.0 = Debug|Any CPU
		{35156297-B741-4400-B624-E41526501EE0}.Release|Any CPU.ActiveCfg = Release|Any CPU
		{35156297-B741-4400-B624-E41526501EE0}.Release|Any CPU.Build.0 = Release|Any CPU
	EndGlobalSection
	GlobalSection(SolutionProperties) = preSolution
		HideSolutionNode = FALSE
	EndGlobalSection
	GlobalSection(ExtensibilityGlobals) = postSolution
		SolutionGuid = {DF5A703A-08F7-4562-9162-D6C35F31426D}
	EndGlobalSection
EndGlobal
