
Microsoft Visual Studio Solution File, Format Version 12.00
# Visual Studio 15
VisualStudioVersion = 15.0.28307.779
MinimumVisualStudioVersion = 10.0.40219.1
Project("{FAE04EC0-301F-11D3-BF4B-00C04F79EFBC}") = "FaradayBackend", "FaradayBackend\FaradayBackend.csproj", "{A8B4348C-4A00-4FDF-A679-957C30A3349F}"
EndProject
Project("{FAE04EC0-301F-11D3-BF4B-00C04F79EFBC}") = "FaradayBackend.Tests", "FaradayBackend.Tests\FaradayBackend.Tests.csproj", "{C97F281C-68AA-477D-A95D-DBAC3CD75FDA}"
EndProject
Global
	GlobalSection(SolutionConfigurationPlatforms) = preSolution
		Debug|Any CPU = Debug|Any CPU
		Release|Any CPU = Release|Any CPU
	EndGlobalSection
	GlobalSection(ProjectConfigurationPlatforms) = postSolution
		{A8B4348C-4A00-4FDF-A679-957C30A3349F}.Debug|Any CPU.ActiveCfg = Debug|Any CPU
		{A8B4348C-4A00-4FDF-A679-957C30A3349F}.Debug|Any CPU.Build.0 = Debug|Any CPU
		{A8B4348C-4A00-4FDF-A679-957C30A3349F}.Release|Any CPU.ActiveCfg = Release|Any CPU
		{A8B4348C-4A00-4FDF-A679-957C30A3349F}.Release|Any CPU.Build.0 = Release|Any CPU
		{C97F281C-68AA-477D-A95D-DBAC3CD75FDA}.Debug|Any CPU.ActiveCfg = Debug|Any CPU
		{C97F281C-68AA-477D-A95D-DBAC3CD75FDA}.Debug|Any CPU.Build.0 = Debug|Any CPU
		{C97F281C-68AA-477D-A95D-DBAC3CD75FDA}.Release|Any CPU.ActiveCfg = Release|Any CPU
		{C97F281C-68AA-477D-A95D-DBAC3CD75FDA}.Release|Any CPU.Build.0 = Release|Any CPU
	EndGlobalSection
	GlobalSection(SolutionProperties) = preSolution
		HideSolutionNode = FALSE
	EndGlobalSection
	GlobalSection(ExtensibilityGlobals) = postSolution
		SolutionGuid = {E68B40E0-8829-4408-A859-50F08D5073CC}
	EndGlobalSection
EndGlobal
